// !$*UTF8*$!
{
	archiveVersion = 1;
	classes = {
	};
	objectVersion = 48;
	objects = {

/* Begin PBXBuildFile section */
		E326DC4B1F42F7D30061D692 /* AddHomeViewController.swift in Sources */ = {isa = PBXBuildFile; fileRef = E326DC4A1F42F7D30061D692 /* AddHomeViewController.swift */; };
		E326DC4D1F42FB8C0061D692 /* ServicesViewController.swift in Sources */ = {isa = PBXBuildFile; fileRef = E326DC4C1F42FB8C0061D692 /* ServicesViewController.swift */; };
		E35B232D1F4226810029833C /* AppDelegate.swift in Sources */ = {isa = PBXBuildFile; fileRef = E35B232C1F4226810029833C /* AppDelegate.swift */; };
		E35B232F1F4226810029833C /* MyAccessoriesViewController.swift in Sources */ = {isa = PBXBuildFile; fileRef = E35B232E1F4226810029833C /* MyAccessoriesViewController.swift */; };
		E35B23321F4226810029833C /* Main.storyboard in Resources */ = {isa = PBXBuildFile; fileRef = E35B23301F4226810029833C /* Main.storyboard */; };
		E35B23351F4226810029833C /* homeKitLock02.xcdatamodeld in Sources */ = {isa = PBXBuildFile; fileRef = E35B23331F4226810029833C /* homeKitLock02.xcdatamodeld */; };
		E35B23371F4226810029833C /* Assets.xcassets in Resources */ = {isa = PBXBuildFile; fileRef = E35B23361F4226810029833C /* Assets.xcassets */; };
		E35B233A1F4226810029833C /* LaunchScreen.storyboard in Resources */ = {isa = PBXBuildFile; fileRef = E35B23381F4226810029833C /* LaunchScreen.storyboard */; };
		E35B23421F4228B10029833C /* DiscoveryViewController.swift in Sources */ = {isa = PBXBuildFile; fileRef = E35B23411F4228B10029833C /* DiscoveryViewController.swift */; };
		E35B23461F4229030029833C /* HomeKit.framework in Frameworks */ = {isa = PBXBuildFile; fileRef = E35B23451F4229030029833C /* HomeKit.framework */; };
		E3FC33371F4325D4007AB485 /* CharacteristicsViewController.swift in Sources */ = {isa = PBXBuildFile; fileRef = E3FC33361F4325D4007AB485 /* CharacteristicsViewController.swift */; };
/* End PBXBuildFile section */

/* Begin PBXFileReference section */
		E326DC4A1F42F7D30061D692 /* AddHomeViewController.swift */ = {isa = PBXFileReference; lastKnownFileType = sourcecode.swift; path = AddHomeViewController.swift; sourceTree = "<group>"; };
		E326DC4C1F42FB8C0061D692 /* ServicesViewController.swift */ = {isa = PBXFileReference; lastKnownFileType = sourcecode.swift; path = ServicesViewController.swift; sourceTree = "<group>"; };
		E35B23291F4226810029833C /* homeKitLock02.app */ = {isa = PBXFileReference; explicitFileType = wrapper.application; includeInIndex = 0; path = homeKitLock02.app; sourceTree = BUILT_PRODUCTS_DIR; };
		E35B232C1F4226810029833C /* AppDelegate.swift */ = {isa = PBXFileReference; lastKnownFileType = sourcecode.swift; path = AppDelegate.swift; sourceTree = "<group>"; };
		E35B232E1F4226810029833C /* MyAccessoriesViewController.swift */ = {isa = PBXFileReference; lastKnownFileType = sourcecode.swift; path = MyAccessoriesViewController.swift; sourceTree = "<group>"; };
		E35B23311F4226810029833C /* Base */ = {isa = PBXFileReference; lastKnownFileType = file.storyboard; name = Base; path = Base.lproj/Main.storyboard; sourceTree = "<group>"; };
		E35B23341F4226810029833C /* homeKitLock02.xcdatamodel */ = {isa = PBXFileReference; lastKnownFileType = wrapper.xcdatamodel; path = homeKitLock02.xcdatamodel; sourceTree = "<group>"; };
		E35B23361F4226810029833C /* Assets.xcassets */ = {isa = PBXFileReference; lastKnownFileType = folder.assetcatalog; path = Assets.xcassets; sourceTree = "<group>"; };
		E35B23391F4226810029833C /* Base */ = {isa = PBXFileReference; lastKnownFileType = file.storyboard; name = Base; path = Base.lproj/LaunchScreen.storyboard; sourceTree = "<group>"; };
		E35B233B1F4226810029833C /* Info.plist */ = {isa = PBXFileReference; lastKnownFileType = text.plist.xml; path = Info.plist; sourceTree = "<group>"; };
		E35B23411F4228B10029833C /* DiscoveryViewController.swift */ = {isa = PBXFileReference; lastKnownFileType = sourcecode.swift; path = DiscoveryViewController.swift; sourceTree = "<group>"; };
		E35B23431F4229030029833C /* homeKitLock02.entitlements */ = {isa = PBXFileReference; lastKnownFileType = text.plist.entitlements; path = homeKitLock02.entitlements; sourceTree = "<group>"; };
		E35B23451F4229030029833C /* HomeKit.framework */ = {isa = PBXFileReference; lastKnownFileType = wrapper.framework; name = HomeKit.framework; path = System/Library/Frameworks/HomeKit.framework; sourceTree = SDKROOT; };
		E3FC33361F4325D4007AB485 /* CharacteristicsViewController.swift */ = {isa = PBXFileReference; lastKnownFileType = sourcecode.swift; path = CharacteristicsViewController.swift; sourceTree = "<group>"; };
/* End PBXFileReference section */

/* Begin PBXFrameworksBuildPhase section */
		E35B23261F4226810029833C /* Frameworks */ = {
			isa = PBXFrameworksBuildPhase;
			buildActionMask = 2147483647;
			files = (
				E35B23461F4229030029833C /* HomeKit.framework in Frameworks */,
			);
			runOnlyForDeploymentPostprocessing = 0;
		};
/* End PBXFrameworksBuildPhase section */

/* Begin PBXGroup section */
		E35B23201F4226810029833C = {
			isa = PBXGroup;
			children = (
				E35B232B1F4226810029833C /* homeKitLock02 */,
				E35B232A1F4226810029833C /* Products */,
				E35B23441F4229030029833C /* Frameworks */,
			);
			sourceTree = "<group>";
		};
		E35B232A1F4226810029833C /* Products */ = {
			isa = PBXGroup;
			children = (
				E35B23291F4226810029833C /* homeKitLock02.app */,
			);
			name = Products;
			sourceTree = "<group>";
		};
		E35B232B1F4226810029833C /* homeKitLock02 */ = {
			isa = PBXGroup;
			children = (
				E35B23431F4229030029833C /* homeKitLock02.entitlements */,
				E35B232C1F4226810029833C /* AppDelegate.swift */,
				E35B232E1F4226810029833C /* MyAccessoriesViewController.swift */,
				E35B23411F4228B10029833C /* DiscoveryViewController.swift */,
				E326DC4A1F42F7D30061D692 /* AddHomeViewController.swift */,
				E326DC4C1F42FB8C0061D692 /* ServicesViewController.swift */,
				E3FC33361F4325D4007AB485 /* CharacteristicsViewController.swift */,
				E35B23301F4226810029833C /* Main.storyboard */,
				E35B23361F4226810029833C /* Assets.xcassets */,
				E35B23381F4226810029833C /* LaunchScreen.storyboard */,
				E35B233B1F4226810029833C /* Info.plist */,
				E35B23331F4226810029833C /* homeKitLock02.xcdatamodeld */,
			);
			path = homeKitLock02;
			sourceTree = "<group>";
		};
		E35B23441F4229030029833C /* Frameworks */ = {
			isa = PBXGroup;
			children = (
				E35B23451F4229030029833C /* HomeKit.framework */,
			);
			name = Frameworks;
			sourceTree = "<group>";
		};
/* End PBXGroup section */

/* Begin PBXNativeTarget section */
		E35B23281F4226810029833C /* homeKitLock02 */ = {
			isa = PBXNativeTarget;
			buildConfigurationList = E35B233E1F4226810029833C /* Build configuration list for PBXNativeTarget "homeKitLock02" */;
			buildPhases = (
				E35B23251F4226810029833C /* Sources */,
				E35B23261F4226810029833C /* Frameworks */,
				E35B23271F4226810029833C /* Resources */,
			);
			buildRules = (
			);
			dependencies = (
			);
			name = homeKitLock02;
			productName = homeKitLock02;
			productReference = E35B23291F4226810029833C /* homeKitLock02.app */;
			productType = "com.apple.product-type.application";
		};
/* End PBXNativeTarget section */

/* Begin PBXProject section */
		E35B23211F4226810029833C /* Project object */ = {
			isa = PBXProject;
			attributes = {
				LastSwiftUpdateCheck = 0900;
				LastUpgradeCheck = 0900;
				ORGANIZATIONNAME = "Thomas Houghton";
				TargetAttributes = {
					E35B23281F4226810029833C = {
						CreatedOnToolsVersion = 9.0;
						SystemCapabilities = {
							com.apple.HomeKit = {
								enabled = 1;
							};
						};
					};
				};
			};
			buildConfigurationList = E35B23241F4226810029833C /* Build configuration list for PBXProject "homeKitLock02" */;
			compatibilityVersion = "Xcode 8.0";
			developmentRegion = en;
			hasScannedForEncodings = 0;
			knownRegions = (
				en,
				Base,
			);
			mainGroup = E35B23201F4226810029833C;
			productRefGroup = E35B232A1F4226810029833C /* Products */;
			projectDirPath = "";
			projectRoot = "";
			targets = (
				E35B23281F4226810029833C /* homeKitLock02 */,
			);
		};
/* End PBXProject section */

/* Begin PBXResourcesBuildPhase section */
		E35B23271F4226810029833C /* Resources */ = {
			isa = PBXResourcesBuildPhase;
			buildActionMask = 2147483647;
			files = (
				E35B233A1F4226810029833C /* LaunchScreen.storyboard in Resources */,
				E35B23371F4226810029833C /* Assets.xcassets in Resources */,
				E35B23321F4226810029833C /* Main.storyboard in Resources */,
			);
			runOnlyForDeploymentPostprocessing = 0;
		};
/* End PBXResourcesBuildPhase section */

/* Begin PBXSourcesBuildPhase section */
		E35B23251F4226810029833C /* Sources */ = {
			isa = PBXSourcesBuildPhase;
			buildActionMask = 2147483647;
			files = (
				E326DC4D1F42FB8C0061D692 /* ServicesViewController.swift in Sources */,
				E326DC4B1F42F7D30061D692 /* AddHomeViewController.swift in Sources */,
				E35B232F1F4226810029833C /* MyAccessoriesViewController.swift in Sources */,
				E35B23351F4226810029833C /* homeKitLock02.xcdatamodeld in Sources */,
				E3FC33371F4325D4007AB485 /* CharacteristicsViewController.swift in Sources */,
				E35B232D1F4226810029833C /* AppDelegate.swift in Sources */,
				E35B23421F4228B10029833C /* DiscoveryViewController.swift in Sources */,
			);
			runOnlyForDeploymentPostprocessing = 0;
		};
/* End PBXSourcesBuildPhase section */

/* Begin PBXVariantGroup section */
		E35B23301F4226810029833C /* Main.storyboard */ = {
			isa = PBXVariantGroup;
			children = (
				E35B23311F4226810029833C /* Base */,
			);
			name = Main.storyboard;
			sourceTree = "<group>";
		};
		E35B23381F4226810029833C /* LaunchScreen.storyboard */ = {
			isa = PBXVariantGroup;
			children = (
				E35B23391F4226810029833C /* Base */,
			);
			name = LaunchScreen.storyboard;
			sourceTree = "<group>";
		};
/* End PBXVariantGroup section */

/* Begin XCBuildConfiguration section */
		E35B233C1F4226810029833C /* Debug */ = {
			isa = XCBuildConfiguration;
			buildSettings = {
				ALWAYS_SEARCH_USER_PATHS = NO;
				CLANG_ANALYZER_NONNULL = YES;
				CLANG_ANALYZER_NUMBER_OBJECT_CONVERSION = YES_AGGRESSIVE;
				CLANG_CXX_LANGUAGE_STANDARD = "gnu++14";
				CLANG_CXX_LIBRARY = "libc++";
				CLANG_ENABLE_MODULES = YES;
				CLANG_ENABLE_OBJC_ARC = YES;
				CLANG_WARN_BLOCK_CAPTURE_AUTORELEASING = YES;
				CLANG_WARN_BOOL_CONVERSION = YES;
				CLANG_WARN_COMMA = YES;
				CLANG_WARN_CONSTANT_CONVERSION = YES;
				CLANG_WARN_DIRECT_OBJC_ISA_USAGE = YES_ERROR;
				CLANG_WARN_DOCUMENTATION_COMMENTS = YES;
				CLANG_WARN_EMPTY_BODY = YES;
				CLANG_WARN_ENUM_CONVERSION = YES;
				CLANG_WARN_INFINITE_RECURSION = YES;
				CLANG_WARN_INT_CONVERSION = YES;
				CLANG_WARN_NON_LITERAL_NULL_CONVERSION = YES;
				CLANG_WARN_OBJC_LITERAL_CONVERSION = YES;
				CLANG_WARN_OBJC_ROOT_CLASS = YES_ERROR;
				CLANG_WARN_RANGE_LOOP_ANALYSIS = YES;
				CLANG_WARN_STRICT_PROTOTYPES = YES;
				CLANG_WARN_SUSPICIOUS_MOVE = YES;
				CLANG_WARN_UNGUARDED_AVAILABILITY = YES_AGGRESSIVE;
				CLANG_WARN_UNREACHABLE_CODE = YES;
				CLANG_WARN__DUPLICATE_METHOD_MATCH = YES;
				CODE_SIGN_IDENTITY = "iPhone Developer";
				COPY_PHASE_STRIP = NO;
				DEBUG_INFORMATION_FORMAT = dwarf;
				ENABLE_STRICT_OBJC_MSGSEND = YES;
				ENABLE_TESTABILITY = YES;
				GCC_C_LANGUAGE_STANDARD = gnu11;
				GCC_DYNAMIC_NO_PIC = NO;
				GCC_NO_COMMON_BLOCKS = YES;
				GCC_OPTIMIZATION_LEVEL = 0;
				GCC_PREPROCESSOR_DEFINITIONS = (
					"DEBUG=1",
					"$(inherited)",
				);
				GCC_WARN_64_TO_32_BIT_CONVERSION = YES;
				GCC_WARN_ABOUT_RETURN_TYPE = YES_ERROR;
				GCC_WARN_UNDECLARED_SELECTOR = YES;
				GCC_WARN_UNINITIALIZED_AUTOS = YES_AGGRESSIVE;
				GCC_WARN_UNUSED_FUNCTION = YES;
				GCC_WARN_UNUSED_VARIABLE = YES;
				IPHONEOS_DEPLOYMENT_TARGET = 11.0;
				MTL_ENABLE_DEBUG_INFO = YES;
				ONLY_ACTIVE_ARCH = YES;
				SDKROOT = iphoneos;
				SWIFT_ACTIVE_COMPILATION_CONDITIONS = DEBUG;
				SWIFT_OPTIMIZATION_LEVEL = "-Onone";
			};
			name = Debug;
		};
		E35B233D1F4226810029833C /* Release */ = {
			isa = XCBuildConfiguration;
			buildSettings = {
				ALWAYS_SEARCH_USER_PATHS = NO;
				CLANG_ANALYZER_NONNULL = YES;
				CLANG_ANALYZER_NUMBER_OBJECT_CONVERSION = YES_AGGRESSIVE;
				CLANG_CXX_LANGUAGE_STANDARD = "gnu++14";
				CLANG_CXX_LIBRARY = "libc++";
				CLANG_ENABLE_MODULES = YES;
				CLANG_ENABLE_OBJC_ARC = YES;
				CLANG_WARN_BLOCK_CAPTURE_AUTORELEASING = YES;
				CLANG_WARN_BOOL_CONVERSION = YES;
				CLANG_WARN_COMMA = YES;
				CLANG_WARN_CONSTANT_CONVERSION = YES;
				CLANG_WARN_DIRECT_OBJC_ISA_USAGE = YES_ERROR;
				CLANG_WARN_DOCUMENTATION_COMMENTS = YES;
				CLANG_WARN_EMPTY_BODY = YES;
				CLANG_WARN_ENUM_CONVERSION = YES;
				CLANG_WARN_INFINITE_RECURSION = YES;
				CLANG_WARN_INT_CONVERSION = YES;
				CLANG_WARN_NON_LITERAL_NULL_CONVERSION = YES;
				CLANG_WARN_OBJC_LITERAL_CONVERSION = YES;
				CLANG_WARN_OBJC_ROOT_CLASS = YES_ERROR;
				CLANG_WARN_RANGE_LOOP_ANALYSIS = YES;
				CLANG_WARN_STRICT_PROTOTYPES = YES;
				CLANG_WARN_SUSPICIOUS_MOVE = YES;
				CLANG_WARN_UNGUARDED_AVAILABILITY = YES_AGGRESSIVE;
				CLANG_WARN_UNREACHABLE_CODE = YES;
				CLANG_WARN__DUPLICATE_METHOD_MATCH = YES;
				CODE_SIGN_IDENTITY = "iPhone Developer";
				COPY_PHASE_STRIP = NO;
				DEBUG_INFORMATION_FORMAT = "dwarf-with-dsym";
				ENABLE_NS_ASSERTIONS = NO;
				ENABLE_STRICT_OBJC_MSGSEND = YES;
				GCC_C_LANGUAGE_STANDARD = gnu11;
				GCC_NO_COMMON_BLOCKS = YES;
				GCC_WARN_64_TO_32_BIT_CONVERSION = YES;
				GCC_WARN_ABOUT_RETURN_TYPE = YES_ERROR;
				GCC_WARN_UNDECLARED_SELECTOR = YES;
				GCC_WARN_UNINITIALIZED_AUTOS = YES_AGGRESSIVE;
				GCC_WARN_UNUSED_FUNCTION = YES;
				GCC_WARN_UNUSED_VARIABLE = YES;
				IPHONEOS_DEPLOYMENT_TARGET = 11.0;
				MTL_ENABLE_DEBUG_INFO = NO;
				SDKROOT = iphoneos;
				SWIFT_OPTIMIZATION_LEVEL = "-Owholemodule";
				VALIDATE_PRODUCT = YES;
			};
			name = Release;
		};
		E35B233F1F4226810029833C /* Debug */ = {
			isa = XCBuildConfiguration;
			buildSettings = {
				ASSETCATALOG_COMPILER_APPICON_NAME = AppIcon;
				CODE_SIGN_ENTITLEMENTS = homeKitLock02/homeKitLock02.entitlements;
				DEVELOPMENT_TEAM = 93HE2GWDEW;
				INFOPLIST_FILE = homeKitLock02/Info.plist;
				LD_RUNPATH_SEARCH_PATHS = "$(inherited) @executable_path/Frameworks";
				PRODUCT_BUNDLE_IDENTIFIER = tom.homeKitLock02;
				PRODUCT_NAME = "$(TARGET_NAME)";
				SWIFT_VERSION = 4.0;
				TARGETED_DEVICE_FAMILY = "1,2";
			};
			name = Debug;
		};
		E35B23401F4226810029833C /* Release */ = {
			isa = XCBuildConfiguration;
			buildSettings = {
				ASSETCATALOG_COMPILER_APPICON_NAME = AppIcon;
				CODE_SIGN_ENTITLEMENTS = homeKitLock02/homeKitLock02.entitlements;
				DEVELOPMENT_TEAM = 93HE2GWDEW;
				INFOPLIST_FILE = homeKitLock02/Info.plist;
				LD_RUNPATH_SEARCH_PATHS = "$(inherited) @executable_path/Frameworks";
				PRODUCT_BUNDLE_IDENTIFIER = tom.homeKitLock02;
				PRODUCT_NAME = "$(TARGET_NAME)";
				SWIFT_VERSION = 4.0;
				TARGETED_DEVICE_FAMILY = "1,2";
			};
			name = Release;
		};
/* End XCBuildConfiguration section */

/* Begin XCConfigurationList section */
		E35B23241F4226810029833C /* Build configuration list for PBXProject "homeKitLock02" */ = {
			isa = XCConfigurationList;
			buildConfigurations = (
				E35B233C1F4226810029833C /* Debug */,
				E35B233D1F4226810029833C /* Release */,
			);
			defaultConfigurationIsVisible = 0;
			defaultConfigurationName = Release;
		};
		E35B233E1F4226810029833C /* Build configuration list for PBXNativeTarget "homeKitLock02" */ = {
			isa = XCConfigurationList;
			buildConfigurations = (
				E35B233F1F4226810029833C /* Debug */,
				E35B23401F4226810029833C /* Release */,
			);
			defaultConfigurationIsVisible = 0;
			defaultConfigurationName = Release;
		};
/* End XCConfigurationList section */

/* Begin XCVersionGroup section */
		E35B23331F4226810029833C /* homeKitLock02.xcdatamodeld */ = {
			isa = XCVersionGroup;
			children = (
				E35B23341F4226810029833C /* homeKitLock02.xcdatamodel */,
			);
			currentVersion = E35B23341F4226810029833C /* homeKitLock02.xcdatamodel */;
			path = homeKitLock02.xcdatamodeld;
			sourceTree = "<group>";
			versionGroupType = wrapper.xcdatamodel;
		};
/* End XCVersionGroup section */
	};
	rootObject = E35B23211F4226810029833C /* Project object */;
}
